
Microsoft Visual Studio Solution File, Format Version 12.00
# Visual Studio Version 16
VisualStudioVersion = 16.0.31019.35
MinimumVisualStudioVersion = 10.0.40219.1
Project("{FAE04EC0-301F-11D3-BF4B-00C04F79EFBC}") = "PRN292_Lab7_More", "PRN292_Lab7_More\PRN292_Lab7_More.csproj", "{B18B1D42-58D8-44A5-B45E-485D6345585D}"
EndProject
Global
	GlobalSection(SolutionConfigurationPlatforms) = preSolution
		Debug|Any CPU = Debug|Any CPU
		Release|Any CPU = Release|Any CPU
	EndGlobalSection
	GlobalSection(ProjectConfigurationPlatforms) = postSolution
		{B18B1D42-58D8-44A5-B45E-485D6345585D}.Debug|Any CPU.ActiveCfg = Debug|Any CPU
		{B18B1D42-58D8-44A5-B45E-485D6345585D}.Debug|Any CPU.Build.0 = Debug|Any CPU
		{B18B1D42-58D8-44A5-B45E-485D6345585D}.Release|Any CPU.ActiveCfg = Release|Any CPU
		{B18B1D42-58D8-44A5-B45E-485D6345585D}.Release|Any CPU.Build.0 = Release|Any CPU
	EndGlobalSection
	GlobalSection(SolutionProperties) = preSolution
		HideSolutionNode = FALSE
	EndGlobalSection
	GlobalSection(ExtensibilityGlobals) = postSolution
		SolutionGuid = {E20E879A-C468-4044-A061-69ECA556589D}
	EndGlobalSection
EndGlobal
