
Microsoft Visual Studio Solution File, Format Version 12.00
# Visual Studio Version 16
VisualStudioVersion = 16.0.30804.86
MinimumVisualStudioVersion = 10.0.40219.1
Project("{FAE04EC0-301F-11D3-BF4B-00C04F79EFBC}") = "PRN292_Lab2", "PRN292_Lab2\PRN292_Lab2.csproj", "{AB40607A-F511-4ACC-8354-261977C69F0D}"
EndProject
Global
	GlobalSection(SolutionConfigurationPlatforms) = preSolution
		Debug|Any CPU = Debug|Any CPU
		Release|Any CPU = Release|Any CPU
	EndGlobalSection
	GlobalSection(ProjectConfigurationPlatforms) = postSolution
		{AB40607A-F511-4ACC-8354-261977C69F0D}.Debug|Any CPU.ActiveCfg = Debug|Any CPU
		{AB40607A-F511-4ACC-8354-261977C69F0D}.Debug|Any CPU.Build.0 = Debug|Any CPU
		{AB40607A-F511-4ACC-8354-261977C69F0D}.Release|Any CPU.ActiveCfg = Release|Any CPU
		{AB40607A-F511-4ACC-8354-261977C69F0D}.Release|Any CPU.Build.0 = Release|Any CPU
	EndGlobalSection
	GlobalSection(SolutionProperties) = preSolution
		HideSolutionNode = FALSE
	EndGlobalSection
	GlobalSection(ExtensibilityGlobals) = postSolution
		SolutionGuid = {45C1F2E7-5862-4B15-B935-5C4E10ED12D8}
	EndGlobalSection
EndGlobal
